// !$*UTF8*$!
{
	archiveVersion = 1;
	classes = {
	};
	objectVersion = 46;
	objects = {

/* Begin PBXBuildFile section */
		E20DB9B91E4C44AA00F86922 /* AppDelegate.swift in Sources */ = {isa = PBXBuildFile; fileRef = E20DB9B81E4C44AA00F86922 /* AppDelegate.swift */; };
		E20DB9BB1E4C44AA00F86922 /* ViewController.swift in Sources */ = {isa = PBXBuildFile; fileRef = E20DB9BA1E4C44AA00F86922 /* ViewController.swift */; };
		E20DB9BE1E4C44AA00F86922 /* Main.storyboard in Resources */ = {isa = PBXBuildFile; fileRef = E20DB9BC1E4C44AA00F86922 /* Main.storyboard */; };
		E20DB9C01E4C44AA00F86922 /* Assets.xcassets in Resources */ = {isa = PBXBuildFile; fileRef = E20DB9BF1E4C44AA00F86922 /* Assets.xcassets */; };
		E20DB9C31E4C44AA00F86922 /* LaunchScreen.storyboard in Resources */ = {isa = PBXBuildFile; fileRef = E20DB9C11E4C44AA00F86922 /* LaunchScreen.storyboard */; };
/* End PBXBuildFile section */

/* Begin PBXFileReference section */
		E20DB9B51E4C44AA00F86922 /* FunFacts.app */ = {isa = PBXFileReference; explicitFileType = wrapper.application; includeInIndex = 0; path = FunFacts.app; sourceTree = BUILT_PRODUCTS_DIR; };
		E20DB9B81E4C44AA00F86922 /* AppDelegate.swift */ = {isa = PBXFileReference; lastKnownFileType = sourcecode.swift; path = AppDelegate.swift; sourceTree = "<group>"; };
		E20DB9BA1E4C44AA00F86922 /* ViewController.swift */ = {isa = PBXFileReference; lastKnownFileType = sourcecode.swift; path = ViewController.swift; sourceTree = "<group>"; };
		E20DB9BD1E4C44AA00F86922 /* Base */ = {isa = PBXFileReference; lastKnownFileType = file.storyboard; name = Base; path = Base.lproj/Main.storyboard; sourceTree = "<group>"; };
		E20DB9BF1E4C44AA00F86922 /* Assets.xcassets */ = {isa = PBXFileReference; lastKnownFileType = folder.assetcatalog; path = Assets.xcassets; sourceTree = "<group>"; };
		E20DB9C21E4C44AA00F86922 /* Base */ = {isa = PBXFileReference; lastKnownFileType = file.storyboard; name = Base; path = Base.lproj/LaunchScreen.storyboard; sourceTree = "<group>"; };
		E20DB9C41E4C44AA00F86922 /* Info.plist */ = {isa = PBXFileReference; lastKnownFileType = text.plist.xml; path = Info.plist; sourceTree = "<group>"; };
/* End PBXFileReference section */

/* Begin PBXFrameworksBuildPhase section */
		E20DB9B21E4C44AA00F86922 /* Frameworks */ = {
			isa = PBXFrameworksBuildPhase;
			buildActionMask = 2147483647;
			files = (
			);
			runOnlyForDeploymentPostprocessing = 0;
		};
/* End PBXFrameworksBuildPhase section */

/* Begin PBXGroup section */
		E20DB9AC1E4C44AA00F86922 = {
			isa = PBXGroup;
			children = (
				E20DB9B71E4C44AA00F86922 /* FunFacts */,
				E20DB9B61E4C44AA00F86922 /* Products */,
			);
			sourceTree = "<group>";
		};
		E20DB9B61E4C44AA00F86922 /* Products */ = {
			isa = PBXGroup;
			children = (
				E20DB9B51E4C44AA00F86922 /* FunFacts.app */,
			);
			name = Products;
			sourceTree = "<group>";
		};
		E20DB9B71E4C44AA00F86922 /* FunFacts */ = {
			isa = PBXGroup;
			children = (
				E20DB9B81E4C44AA00F86922 /* AppDelegate.swift */,
				E20DB9BA1E4C44AA00F86922 /* ViewController.swift */,
				E20DB9BC1E4C44AA00F86922 /* Main.storyboard */,
				E20DB9BF1E4C44AA00F86922 /* Assets.xcassets */,
				E20DB9C11E4C44AA00F86922 /* LaunchScreen.storyboard */,
				E20DB9C41E4C44AA00F86922 /* Info.plist */,
			);
			path = FunFacts;
			sourceTree = "<group>";
		};
/* End PBXGroup section */

/* Begin PBXNativeTarget section */
		E20DB9B41E4C44AA00F86922 /* FunFacts */ = {
			isa = PBXNativeTarget;
			buildConfigurationList = E20DB9C71E4C44AA00F86922 /* Build configuration list for PBXNativeTarget "FunFacts" */;
			buildPhases = (
				E20DB9B11E4C44AA00F86922 /* Sources */,
				E20DB9B21E4C44AA00F86922 /* Frameworks */,
				E20DB9B31E4C44AA00F86922 /* Resources */,
			);
			buildRules = (
			);
			dependencies = (
			);
			name = FunFacts;
			productName = FunFacts;
			productReference = E20DB9B51E4C44AA00F86922 /* FunFacts.app */;
			productType = "com.apple.product-type.application";
		};
/* End PBXNativeTarget section */

/* Begin PBXProject section */
		E20DB9AD1E4C44AA00F86922 /* Project object */ = {
			isa = PBXProject;
			attributes = {
				LastSwiftUpdateCheck = 0720;
				LastUpgradeCheck = 0720;
				ORGANIZATIONNAME = "Michael Karr";
				TargetAttributes = {
					E20DB9B41E4C44AA00F86922 = {
						CreatedOnToolsVersion = 7.2.1;
					};
				};
			};
			buildConfigurationList = E20DB9B01E4C44AA00F86922 /* Build configuration list for PBXProject "FunFacts" */;
			compatibilityVersion = "Xcode 3.2";
			developmentRegion = English;
			hasScannedForEncodings = 0;
			knownRegions = (
				en,
				Base,
			);
			mainGroup = E20DB9AC1E4C44AA00F86922;
			productRefGroup = E20DB9B61E4C44AA00F86922 /* Products */;
			projectDirPath = "";
			projectRoot = "";
			targets = (
				E20DB9B41E4C44AA00F86922 /* FunFacts */,
			);
		};
/* End PBXProject section */

/* Begin PBXResourcesBuildPhase section */
		E20DB9B31E4C44AA00F86922 /* Resources */ = {
			isa = PBXResourcesBuildPhase;
			buildActionMask = 2147483647;
			files = (
				E20DB9C31E4C44AA00F86922 /* LaunchScreen.storyboard in Resources */,
				E20DB9C01E4C44AA00F86922 /* Assets.xcassets in Resources */,
				E20DB9BE1E4C44AA00F86922 /* Main.storyboard in Resources */,
			);
			runOnlyForDeploymentPostprocessing = 0;
		};
/* End PBXResourcesBuildPhase section */

/* Begin PBXSourcesBuildPhase section */
		E20DB9B11E4C44AA00F86922 /* Sources */ = {
			isa = PBXSourcesBuildPhase;
			buildActionMask = 2147483647;
			files = (
				E20DB9BB1E4C44AA00F86922 /* ViewController.swift in Sources */,
				E20DB9B91E4C44AA00F86922 /* AppDelegate.swift in Sources */,
			);
			runOnlyForDeploymentPostprocessing = 0;
		};
/* End PBXSourcesBuildPhase section */

/* Begin PBXVariantGroup section */
		E20DB9BC1E4C44AA00F86922 /* Main.storyboard */ = {
			isa = PBXVariantGroup;
			children = (
				E20DB9BD1E4C44AA00F86922 /* Base */,
			);
			name = Main.storyboard;
			sourceTree = "<group>";
		};
		E20DB9C11E4C44AA00F86922 /* LaunchScreen.storyboard */ = {
			isa = PBXVariantGroup;
			children = (
				E20DB9C21E4C44AA00F86922 /* Base */,
			);
			name = LaunchScreen.storyboard;
			sourceTree = "<group>";
		};
/* End PBXVariantGroup section */

/* Begin XCBuildConfiguration section */
		E20DB9C51E4C44AA00F86922 /* Debug */ = {
			isa = XCBuildConfiguration;
			buildSettings = {
				ALWAYS_SEARCH_USER_PATHS = NO;
				CLANG_CXX_LANGUAGE_STANDARD = "gnu++0x";
				CLANG_CXX_LIBRARY = "libc++";
				CLANG_ENABLE_MODULES = YES;
				CLANG_ENABLE_OBJC_ARC = YES;
				CLANG_WARN_BOOL_CONVERSION = YES;
				CLANG_WARN_CONSTANT_CONVERSION = YES;
				CLANG_WARN_DIRECT_OBJC_ISA_USAGE = YES_ERROR;
				CLANG_WARN_EMPTY_BODY = YES;
				CLANG_WARN_ENUM_CONVERSION = YES;
				CLANG_WARN_INT_CONVERSION = YES;
				CLANG_WARN_OBJC_ROOT_CLASS = YES_ERROR;
				CLANG_WARN_UNREACHABLE_CODE = YES;
				CLANG_WARN__DUPLICATE_METHOD_MATCH = YES;
				"CODE_SIGN_IDENTITY[sdk=iphoneos*]" = "iPhone Developer";
				COPY_PHASE_STRIP = NO;
				DEBUG_INFORMATION_FORMAT = dwarf;
				ENABLE_STRICT_OBJC_MSGSEND = YES;
				ENABLE_TESTABILITY = YES;
				GCC_C_LANGUAGE_STANDARD = gnu99;
				GCC_DYNAMIC_NO_PIC = NO;
				GCC_NO_COMMON_BLOCKS = YES;
				GCC_OPTIMIZATION_LEVEL = 0;
				GCC_PREPROCESSOR_DEFINITIONS = (
					"DEBUG=1",
					"$(inherited)",
				);
				GCC_WARN_64_TO_32_BIT_CONVERSION = YES;
				GCC_WARN_ABOUT_RETURN_TYPE = YES_ERROR;
				GCC_WARN_UNDECLARED_SELECTOR = YES;
				GCC_WARN_UNINITIALIZED_AUTOS = YES_AGGRESSIVE;
				GCC_WARN_UNUSED_FUNCTION = YES;
				GCC_WARN_UNUSED_VARIABLE = YES;
				IPHONEOS_DEPLOYMENT_TARGET = 9.2;
				MTL_ENABLE_DEBUG_INFO = YES;
				ONLY_ACTIVE_ARCH = YES;
				SDKROOT = iphoneos;
				SWIFT_OPTIMIZATION_LEVEL = "-Onone";
			};
			name = Debug;
		};
		E20DB9C61E4C44AA00F86922 /* Release */ = {
			isa = XCBuildConfiguration;
			buildSettings = {
				ALWAYS_SEARCH_USER_PATHS = NO;
				CLANG_CXX_LANGUAGE_STANDARD = "gnu++0x";
				CLANG_CXX_LIBRARY = "libc++";
				CLANG_ENABLE_MODULES = YES;
				CLANG_ENABLE_OBJC_ARC = YES;
				CLANG_WARN_BOOL_CONVERSION = YES;
				CLANG_WARN_CONSTANT_CONVERSION = YES;
				CLANG_WARN_DIRECT_OBJC_ISA_USAGE = YES_ERROR;
				CLANG_WARN_EMPTY_BODY = YES;
				CLANG_WARN_ENUM_CONVERSION = YES;
				CLANG_WARN_INT_CONVERSION = YES;
				CLANG_WARN_OBJC_ROOT_CLASS = YES_ERROR;
				CLANG_WARN_UNREACHABLE_CODE = YES;
				CLANG_WARN__DUPLICATE_METHOD_MATCH = YES;
				"CODE_SIGN_IDENTITY[sdk=iphoneos*]" = "iPhone Developer";
				COPY_PHASE_STRIP = NO;
				DEBUG_INFORMATION_FORMAT = "dwarf-with-dsym";
				ENABLE_NS_ASSERTIONS = NO;
				ENABLE_STRICT_OBJC_MSGSEND = YES;
				GCC_C_LANGUAGE_STANDARD = gnu99;
				GCC_NO_COMMON_BLOCKS = YES;
				GCC_WARN_64_TO_32_BIT_CONVERSION = YES;
				GCC_WARN_ABOUT_RETURN_TYPE = YES_ERROR;
				GCC_WARN_UNDECLARED_SELECTOR = YES;
				GCC_WARN_UNINITIALIZED_AUTOS = YES_AGGRESSIVE;
				GCC_WARN_UNUSED_FUNCTION = YES;
				GCC_WARN_UNUSED_VARIABLE = YES;
				IPHONEOS_DEPLOYMENT_TARGET = 9.2;
				MTL_ENABLE_DEBUG_INFO = NO;
				SDKROOT = iphoneos;
				VALIDATE_PRODUCT = YES;
			};
			name = Release;
		};
		E20DB9C81E4C44AA00F86922 /* Debug */ = {
			isa = XCBuildConfiguration;
			buildSettings = {
				ASSETCATALOG_COMPILER_APPICON_NAME = AppIcon;
				INFOPLIST_FILE = FunFacts/Info.plist;
				LD_RUNPATH_SEARCH_PATHS = "$(inherited) @executable_path/Frameworks";
				PRODUCT_BUNDLE_IDENTIFIER = com.mak.FunFacts;
				PRODUCT_NAME = "$(TARGET_NAME)";
			};
			name = Debug;
		};
		E20DB9C91E4C44AA00F86922 /* Release */ = {
			isa = XCBuildConfiguration;
			buildSettings = {
				ASSETCATALOG_COMPILER_APPICON_NAME = AppIcon;
				INFOPLIST_FILE = FunFacts/Info.plist;
				LD_RUNPATH_SEARCH_PATHS = "$(inherited) @executable_path/Frameworks";
				PRODUCT_BUNDLE_IDENTIFIER = com.mak.FunFacts;
				PRODUCT_NAME = "$(TARGET_NAME)";
			};
			name = Release;
		};
/* End XCBuildConfiguration section */

/* Begin XCConfigurationList section */
		E20DB9B01E4C44AA00F86922 /* Build configuration list for PBXProject "FunFacts" */ = {
			isa = XCConfigurationList;
			buildConfigurations = (
				E20DB9C51E4C44AA00F86922 /* Debug */,
				E20DB9C61E4C44AA00F86922 /* Release */,
			);
			defaultConfigurationIsVisible = 0;
			defaultConfigurationName = Release;
		};
		E20DB9C71E4C44AA00F86922 /* Build configuration list for PBXNativeTarget "FunFacts" */ = {
			isa = XCConfigurationList;
			buildConfigurations = (
				E20DB9C81E4C44AA00F86922 /* Debug */,
				E20DB9C91E4C44AA00F86922 /* Release */,
			);
			defaultConfigurationIsVisible = 0;
		};
/* End XCConfigurationList section */
	};
	rootObject = E20DB9AD1E4C44AA00F86922 /* Project object */;
}
